
Microsoft Visual Studio Solution File, Format Version 12.00
# Visual Studio 2013
VisualStudioVersion = 12.0.30501.0
MinimumVisualStudioVersion = 10.0.40219.1
Project("{FAE04EC0-301F-11D3-BF4B-00C04F79EFBC}") = "ItShop.Model", "ItShop.Model\ItShop.Model.csproj", "{099F93DA-123F-490C-A041-82AE961F4318}"
EndProject
Project("{FAE04EC0-301F-11D3-BF4B-00C04F79EFBC}") = "ItShop.Data", "ItShop.Data\ItShop.Data.csproj", "{AE066734-8594-4678-B0F9-3D087EC42BCB}"
EndProject
Project("{FAE04EC0-301F-11D3-BF4B-00C04F79EFBC}") = "ItShop.ConsoleClient", "ItShop.ConsoleClient\ItShop.ConsoleClient.csproj", "{815874FF-5612-4E48-919A-3CBD5EF3F5BA}"
EndProject
Project("{FAE04EC0-301F-11D3-BF4B-00C04F79EFBC}") = "MongoDB.Model", "MongoDB.Model\MongoDB.Model.csproj", "{0ADF6883-FAC0-48E4-80E7-399E90213A61}"
EndProject
Project("{FAE04EC0-301F-11D3-BF4B-00C04F79EFBC}") = "ExcelManager", "ExcelManager\ExcelManager.csproj", "{704BF6A3-DAE3-44E9-86C5-EAEF08482CEC}"
EndProject
Project("{FAE04EC0-301F-11D3-BF4B-00C04F79EFBC}") = "MongoDB.Data", "MongoDB.Data\MongoDB.Data.csproj", "{1169F0FB-21E3-47A4-94E6-0F7041DBD9B4}"
EndProject
Project("{FAE04EC0-301F-11D3-BF4B-00C04F79EFBC}") = "XMLManager", "XMLManager\XMLManager.csproj", "{8BAF2CB6-D6A6-4207-A8FE-97FBAB730476}"
EndProject
Project("{FAE04EC0-301F-11D3-BF4B-00C04F79EFBC}") = "ZipFileManager", "ZipFileManager\ZipFileManager.csproj", "{7C367E4B-A924-46F8-8095-9FA8EFE5FCE3}"
EndProject
Project("{FAE04EC0-301F-11D3-BF4B-00C04F79EFBC}") = "ItShop.Data.MySQL", "ItShop.Data.MySQL\ItShop.Data.MySQL.csproj", "{6F9C2621-695C-4BDE-881B-157DCAA75C07}"
EndProject
Project("{FAE04EC0-301F-11D3-BF4B-00C04F79EFBC}") = "SQLightManager", "SQLightManager\SQLightManager.csproj", "{8E3C3D88-1FE1-484F-A404-4242CE1AFDE0}"
EndProject
Global
	GlobalSection(SolutionConfigurationPlatforms) = preSolution
		Debug|Any CPU = Debug|Any CPU
		Release|Any CPU = Release|Any CPU
	EndGlobalSection
	GlobalSection(ProjectConfigurationPlatforms) = postSolution
		{099F93DA-123F-490C-A041-82AE961F4318}.Debug|Any CPU.ActiveCfg = Debug|Any CPU
		{099F93DA-123F-490C-A041-82AE961F4318}.Debug|Any CPU.Build.0 = Debug|Any CPU
		{099F93DA-123F-490C-A041-82AE961F4318}.Release|Any CPU.ActiveCfg = Release|Any CPU
		{099F93DA-123F-490C-A041-82AE961F4318}.Release|Any CPU.Build.0 = Release|Any CPU
		{AE066734-8594-4678-B0F9-3D087EC42BCB}.Debug|Any CPU.ActiveCfg = Debug|Any CPU
		{AE066734-8594-4678-B0F9-3D087EC42BCB}.Debug|Any CPU.Build.0 = Debug|Any CPU
		{AE066734-8594-4678-B0F9-3D087EC42BCB}.Release|Any CPU.ActiveCfg = Release|Any CPU
		{AE066734-8594-4678-B0F9-3D087EC42BCB}.Release|Any CPU.Build.0 = Release|Any CPU
		{815874FF-5612-4E48-919A-3CBD5EF3F5BA}.Debug|Any CPU.ActiveCfg = Debug|Any CPU
		{815874FF-5612-4E48-919A-3CBD5EF3F5BA}.Debug|Any CPU.Build.0 = Debug|Any CPU
		{815874FF-5612-4E48-919A-3CBD5EF3F5BA}.Release|Any CPU.ActiveCfg = Release|Any CPU
		{815874FF-5612-4E48-919A-3CBD5EF3F5BA}.Release|Any CPU.Build.0 = Release|Any CPU
		{0ADF6883-FAC0-48E4-80E7-399E90213A61}.Debug|Any CPU.ActiveCfg = Debug|Any CPU
		{0ADF6883-FAC0-48E4-80E7-399E90213A61}.Debug|Any CPU.Build.0 = Debug|Any CPU
		{0ADF6883-FAC0-48E4-80E7-399E90213A61}.Release|Any CPU.ActiveCfg = Release|Any CPU
		{0ADF6883-FAC0-48E4-80E7-399E90213A61}.Release|Any CPU.Build.0 = Release|Any CPU
		{704BF6A3-DAE3-44E9-86C5-EAEF08482CEC}.Debug|Any CPU.ActiveCfg = Debug|Any CPU
		{704BF6A3-DAE3-44E9-86C5-EAEF08482CEC}.Debug|Any CPU.Build.0 = Debug|Any CPU
		{704BF6A3-DAE3-44E9-86C5-EAEF08482CEC}.Release|Any CPU.ActiveCfg = Release|Any CPU
		{704BF6A3-DAE3-44E9-86C5-EAEF08482CEC}.Release|Any CPU.Build.0 = Release|Any CPU
		{1169F0FB-21E3-47A4-94E6-0F7041DBD9B4}.Debug|Any CPU.ActiveCfg = Debug|Any CPU
		{1169F0FB-21E3-47A4-94E6-0F7041DBD9B4}.Debug|Any CPU.Build.0 = Debug|Any CPU
		{1169F0FB-21E3-47A4-94E6-0F7041DBD9B4}.Release|Any CPU.ActiveCfg = Release|Any CPU
		{1169F0FB-21E3-47A4-94E6-0F7041DBD9B4}.Release|Any CPU.Build.0 = Release|Any CPU
		{8BAF2CB6-D6A6-4207-A8FE-97FBAB730476}.Debug|Any CPU.ActiveCfg = Debug|Any CPU
		{8BAF2CB6-D6A6-4207-A8FE-97FBAB730476}.Debug|Any CPU.Build.0 = Debug|Any CPU
		{8BAF2CB6-D6A6-4207-A8FE-97FBAB730476}.Release|Any CPU.ActiveCfg = Release|Any CPU
		{8BAF2CB6-D6A6-4207-A8FE-97FBAB730476}.Release|Any CPU.Build.0 = Release|Any CPU
		{7C367E4B-A924-46F8-8095-9FA8EFE5FCE3}.Debug|Any CPU.ActiveCfg = Debug|Any CPU
		{7C367E4B-A924-46F8-8095-9FA8EFE5FCE3}.Debug|Any CPU.Build.0 = Debug|Any CPU
		{7C367E4B-A924-46F8-8095-9FA8EFE5FCE3}.Release|Any CPU.ActiveCfg = Release|Any CPU
		{7C367E4B-A924-46F8-8095-9FA8EFE5FCE3}.Release|Any CPU.Build.0 = Release|Any CPU
		{6F9C2621-695C-4BDE-881B-157DCAA75C07}.Debug|Any CPU.ActiveCfg = Debug|Any CPU
		{6F9C2621-695C-4BDE-881B-157DCAA75C07}.Debug|Any CPU.Build.0 = Debug|Any CPU
		{6F9C2621-695C-4BDE-881B-157DCAA75C07}.Release|Any CPU.ActiveCfg = Release|Any CPU
		{6F9C2621-695C-4BDE-881B-157DCAA75C07}.Release|Any CPU.Build.0 = Release|Any CPU
		{8E3C3D88-1FE1-484F-A404-4242CE1AFDE0}.Debug|Any CPU.ActiveCfg = Debug|Any CPU
		{8E3C3D88-1FE1-484F-A404-4242CE1AFDE0}.Debug|Any CPU.Build.0 = Debug|Any CPU
		{8E3C3D88-1FE1-484F-A404-4242CE1AFDE0}.Release|Any CPU.ActiveCfg = Release|Any CPU
		{8E3C3D88-1FE1-484F-A404-4242CE1AFDE0}.Release|Any CPU.Build.0 = Release|Any CPU
	EndGlobalSection
	GlobalSection(SolutionProperties) = preSolution
		HideSolutionNode = FALSE
	EndGlobalSection
EndGlobal
